
Microsoft Visual Studio Solution File, Format Version 12.00
# Visual Studio Version 17
VisualStudioVersion = 17.13.35825.156
MinimumVisualStudioVersion = 10.0.40219.1
Project("{FAE04EC0-301F-11D3-BF4B-00C04F79EFBC}") = "SpecFlowLogin", "SpecFlowLogin.csproj", "{D8CA76F6-8EB9-407C-B758-99A6B4DD9E22}"
EndProject
Global
	GlobalSection(SolutionConfigurationPlatforms) = preSolution
		Debug|Any CPU = Debug|Any CPU
		Release|Any CPU = Release|Any CPU
	EndGlobalSection
	GlobalSection(ProjectConfigurationPlatforms) = postSolution
		{D8CA76F6-8EB9-407C-B758-99A6B4DD9E22}.Debug|Any CPU.ActiveCfg = Release|Any CPU
		{D8CA76F6-8EB9-407C-B758-99A6B4DD9E22}.Debug|Any CPU.Build.0 = Release|Any CPU
		{D8CA76F6-8EB9-407C-B758-99A6B4DD9E22}.Release|Any CPU.ActiveCfg = Release|Any CPU
		{D8CA76F6-8EB9-407C-B758-99A6B4DD9E22}.Release|Any CPU.Build.0 = Release|Any CPU
	EndGlobalSection
	GlobalSection(SolutionProperties) = preSolution
		HideSolutionNode = FALSE
	EndGlobalSection
	GlobalSection(ExtensibilityGlobals) = postSolution
		SolutionGuid = {764296F7-64C2-4D12-9EEA-AE204A9A247F}
	EndGlobalSection
EndGlobal
